
Microsoft Visual Studio Solution File, Format Version 12.00
# Visual Studio Version 16
VisualStudioVersion = 16.0.29009.5
MinimumVisualStudioVersion = 10.0.40219.1
Project("{FAE04EC0-301F-11D3-BF4B-00C04F79EFBC}") = "SinatraGianpaolo18_06_2019", "SinatraGianpaolo18_06_2019\SinatraGianpaolo18_06_2019.csproj", "{2C7528E8-3804-4588-8E4D-1056D871B792}"
EndProject
Global
	GlobalSection(SolutionConfigurationPlatforms) = preSolution
		Debug|Any CPU = Debug|Any CPU
		Release|Any CPU = Release|Any CPU
	EndGlobalSection
	GlobalSection(ProjectConfigurationPlatforms) = postSolution
		{2C7528E8-3804-4588-8E4D-1056D871B792}.Debug|Any CPU.ActiveCfg = Debug|Any CPU
		{2C7528E8-3804-4588-8E4D-1056D871B792}.Debug|Any CPU.Build.0 = Debug|Any CPU
		{2C7528E8-3804-4588-8E4D-1056D871B792}.Release|Any CPU.ActiveCfg = Release|Any CPU
		{2C7528E8-3804-4588-8E4D-1056D871B792}.Release|Any CPU.Build.0 = Release|Any CPU
	EndGlobalSection
	GlobalSection(SolutionProperties) = preSolution
		HideSolutionNode = FALSE
	EndGlobalSection
	GlobalSection(ExtensibilityGlobals) = postSolution
		SolutionGuid = {69E81287-5E0E-4999-937D-8B240D235E23}
	EndGlobalSection
EndGlobal
